{
  "lockfile_version": "1",
  "packages": {
    "github:NixOS/nixpkgs/nixpkgs-unstable": {
      "last_modified": "2025-09-28T14:42:27Z",
      "resolved": "github:NixOS/nixpkgs/647e5c14cbd5067f44ac86b74f014962df460840?lastModified=1759070547&narHash=sha256-JVZl8NaVRYb0%2B381nl7LvPE%2BA774%2FdRpif01FKLrYFQ%3D"
    },
    "jdk@17.0.12": {
      "last_modified": "2025-09-18T16:33:27Z",
      "resolved": "github:NixOS/nixpkgs/f4b140d5b253f5e2a1ff4e5506edbf8267724bde#jdk17",
      "source": "devbox-search",
      "version": "17.0.12",
      "systems": {
        "aarch64-darwin": {
          "outputs": [
            {
              "name": "out",
              "path": "/nix/store/c0zwkd0idwp22ic1aw5ax3ncn0648689-zulu-ca-jdk-17.0.12",
              "default": true
            }
          ],
          "store_path": "/nix/store/c0zwkd0idwp22ic1aw5ax3ncn0648689-zulu-ca-jdk-17.0.12"
        },
        "x86_64-darwin": {
          "outputs": [
            {
              "name": "out",
              "path": "/nix/store/j01jsl0zi023b9s8kkw9smczzxrs3bnz-zulu-ca-jdk-17.0.12",
              "default": true
            }
          ],
          "store_path": "/nix/store/j01jsl0zi023b9s8kkw9smczzxrs3bnz-zulu-ca-jdk-17.0.12"
        },
        "x86_64-linux": {
          "outputs": [
            {
              "path": "/tmp/containerbase/cache/nix/store/fm0bmiwqd5bnawc62h3djf3ml1bl8rgd-openjdk-17.0.16+8",
              "default": true
            }
          ]
        }
      }
    },
    "nodejs": {
      "plugin_version": "0.0.2",
      "resolved": "github:NixOS/nixpkgs/647e5c14cbd5067f44ac86b74f014962df460840?narHash=sha256-JVZl8NaVRYb0%2B381nl7LvPE%2BA774%2FdRpif01FKLrYFQ%3D#nodejs",
      "source": "nixpkg",
      "systems": {
        "aarch64-darwin": {
          "outputs": [
            {
              "path": "/nix/store/3scj3c1qxh5iclf8jy5hbl9pki40y77n-nodejs-22.19.0",
              "default": true
            }
          ]
        },
        "x86_64-linux": {
          "outputs": [
            {
              "path": "/tmp/containerbase/cache/nix/store/dck1nlhsf95ci0z6x1ayvw1slk9415bz-nodejs-22.19.0",
              "default": true
            }
          ]
        }
      }
    }
  }
}
