{
  "lockfile_version": "1",
  "packages": {
    "github:NixOS/nixpkgs/nixpkgs-unstable": {
      "last_modified": "2025-09-28T14:42:27Z",
      "resolved": "github:NixOS/nixpkgs/647e5c14cbd5067f44ac86b74f014962df460840?lastModified=1759070547&narHash=sha256-JVZl8NaVRYb0%2B381nl7LvPE%2BA774%2FdRpif01FKLrYFQ%3D"
    },
    "jdk@25.0.0": {
      "last_modified": "2025-10-22T20:59:19Z",
      "resolved": "github:NixOS/nixpkgs/01b6809f7f9d1183a2b3e081f0a1e6f8f415cb09#jdk25",
      "source": "devbox-search",
      "version": "25.0.0",
      "systems": {
        "aarch64-darwin": {
          "outputs": [
            {
              "name": "out",
              "path": "/nix/store/3l55i019dc9ydjv4nishhbjp6fq224vk-zulu-ca-jdk-25.0.0",
              "default": true
            }
          ],
          "store_path": "/nix/store/3l55i019dc9ydjv4nishhbjp6fq224vk-zulu-ca-jdk-25.0.0"
        },
        "x86_64-darwin": {
          "outputs": [
            {
              "name": "out",
              "path": "/nix/store/5dljvgfvb3did4279ffkc89fr1i8rzha-zulu-ca-jdk-25.0.0",
              "default": true
            }
          ],
          "store_path": "/nix/store/5dljvgfvb3did4279ffkc89fr1i8rzha-zulu-ca-jdk-25.0.0"
        },
        "x86_64-linux": {
          "outputs": [
            {
              "path": "/tmp/containerbase/cache/nix/store/hn0gi67b6j0475ar4yrx4q17j15rsd3h-openjdk-25+36",
              "default": true
            }
          ]
        }
      }
    }
  }
}
